
Microsoft Visual Studio Solution File, Format Version 12.00
# Visual Studio Version 17
VisualStudioVersion = 17.0.31912.275
MinimumVisualStudioVersion = 10.0.40219.1
Project("{FAE04EC0-301F-11D3-BF4B-00C04F79EFBC}") = "vetor1", "vetor1\vetor1.csproj", "{D3C2BC51-BB34-4909-9501-EACF629E700B}"
EndProject
Global
	GlobalSection(SolutionConfigurationPlatforms) = preSolution
		Debug|Any CPU = Debug|Any CPU
		Release|Any CPU = Release|Any CPU
	EndGlobalSection
	GlobalSection(ProjectConfigurationPlatforms) = postSolution
		{D3C2BC51-BB34-4909-9501-EACF629E700B}.Debug|Any CPU.ActiveCfg = Debug|Any CPU
		{D3C2BC51-BB34-4909-9501-EACF629E700B}.Debug|Any CPU.Build.0 = Debug|Any CPU
		{D3C2BC51-BB34-4909-9501-EACF629E700B}.Release|Any CPU.ActiveCfg = Release|Any CPU
		{D3C2BC51-BB34-4909-9501-EACF629E700B}.Release|Any CPU.Build.0 = Release|Any CPU
	EndGlobalSection
	GlobalSection(SolutionProperties) = preSolution
		HideSolutionNode = FALSE
	EndGlobalSection
	GlobalSection(ExtensibilityGlobals) = postSolution
		SolutionGuid = {E57FBA23-C0AD-4A8E-A231-9BB677B4E11D}
	EndGlobalSection
EndGlobal
