
Microsoft Visual Studio Solution File, Format Version 12.00
# Visual Studio Version 17
VisualStudioVersion = 17.0.31912.275
MinimumVisualStudioVersion = 10.0.40219.1
Project("{FAE04EC0-301F-11D3-BF4B-00C04F79EFBC}") = "URI1079", "URI1079\URI1079.csproj", "{A3FB9071-9F4C-4838-AC47-BE8631DA8C49}"
EndProject
Global
	GlobalSection(SolutionConfigurationPlatforms) = preSolution
		Debug|Any CPU = Debug|Any CPU
		Release|Any CPU = Release|Any CPU
	EndGlobalSection
	GlobalSection(ProjectConfigurationPlatforms) = postSolution
		{A3FB9071-9F4C-4838-AC47-BE8631DA8C49}.Debug|Any CPU.ActiveCfg = Debug|Any CPU
		{A3FB9071-9F4C-4838-AC47-BE8631DA8C49}.Debug|Any CPU.Build.0 = Debug|Any CPU
		{A3FB9071-9F4C-4838-AC47-BE8631DA8C49}.Release|Any CPU.ActiveCfg = Release|Any CPU
		{A3FB9071-9F4C-4838-AC47-BE8631DA8C49}.Release|Any CPU.Build.0 = Release|Any CPU
	EndGlobalSection
	GlobalSection(SolutionProperties) = preSolution
		HideSolutionNode = FALSE
	EndGlobalSection
	GlobalSection(ExtensibilityGlobals) = postSolution
		SolutionGuid = {509CF8B9-26B4-4838-9661-7618CAB2991C}
	EndGlobalSection
EndGlobal
