
Microsoft Visual Studio Solution File, Format Version 12.00
# Visual Studio Version 17
VisualStudioVersion = 17.0.31912.275
MinimumVisualStudioVersion = 10.0.40219.1
Project("{FAE04EC0-301F-11D3-BF4B-00C04F79EFBC}") = "vetor08", "vetor08\vetor08.csproj", "{8729CA55-8C27-4DA7-AE5F-AB28100CBFF6}"
EndProject
Global
	GlobalSection(SolutionConfigurationPlatforms) = preSolution
		Debug|Any CPU = Debug|Any CPU
		Release|Any CPU = Release|Any CPU
	EndGlobalSection
	GlobalSection(ProjectConfigurationPlatforms) = postSolution
		{8729CA55-8C27-4DA7-AE5F-AB28100CBFF6}.Debug|Any CPU.ActiveCfg = Debug|Any CPU
		{8729CA55-8C27-4DA7-AE5F-AB28100CBFF6}.Debug|Any CPU.Build.0 = Debug|Any CPU
		{8729CA55-8C27-4DA7-AE5F-AB28100CBFF6}.Release|Any CPU.ActiveCfg = Release|Any CPU
		{8729CA55-8C27-4DA7-AE5F-AB28100CBFF6}.Release|Any CPU.Build.0 = Release|Any CPU
	EndGlobalSection
	GlobalSection(SolutionProperties) = preSolution
		HideSolutionNode = FALSE
	EndGlobalSection
	GlobalSection(ExtensibilityGlobals) = postSolution
		SolutionGuid = {F3E1BF93-7F2B-4BC6-895A-821EEF44B788}
	EndGlobalSection
EndGlobal
