
Microsoft Visual Studio Solution File, Format Version 12.00
# Visual Studio Version 17
VisualStudioVersion = 17.0.31912.275
MinimumVisualStudioVersion = 10.0.40219.1
Project("{FAE04EC0-301F-11D3-BF4B-00C04F79EFBC}") = "URI1075", "URI1075\URI1075.csproj", "{19CC5861-41DA-481C-AB13-EFF102B97D91}"
EndProject
Global
	GlobalSection(SolutionConfigurationPlatforms) = preSolution
		Debug|Any CPU = Debug|Any CPU
		Release|Any CPU = Release|Any CPU
	EndGlobalSection
	GlobalSection(ProjectConfigurationPlatforms) = postSolution
		{19CC5861-41DA-481C-AB13-EFF102B97D91}.Debug|Any CPU.ActiveCfg = Debug|Any CPU
		{19CC5861-41DA-481C-AB13-EFF102B97D91}.Debug|Any CPU.Build.0 = Debug|Any CPU
		{19CC5861-41DA-481C-AB13-EFF102B97D91}.Release|Any CPU.ActiveCfg = Release|Any CPU
		{19CC5861-41DA-481C-AB13-EFF102B97D91}.Release|Any CPU.Build.0 = Release|Any CPU
	EndGlobalSection
	GlobalSection(SolutionProperties) = preSolution
		HideSolutionNode = FALSE
	EndGlobalSection
	GlobalSection(ExtensibilityGlobals) = postSolution
		SolutionGuid = {8029B179-7EBA-4059-8911-68CD1BA536FD}
	EndGlobalSection
EndGlobal
