
Microsoft Visual Studio Solution File, Format Version 12.00
# Visual Studio Version 16
VisualStudioVersion = 16.0.31624.102
MinimumVisualStudioVersion = 10.0.40219.1
Project("{FAE04EC0-301F-11D3-BF4B-00C04F79EFBC}") = "URI1008", "URI1008\URI1008.csproj", "{8BC2D4A7-0710-4735-BDC3-E3C4B6FB74FA}"
EndProject
Global
	GlobalSection(SolutionConfigurationPlatforms) = preSolution
		Debug|Any CPU = Debug|Any CPU
		Release|Any CPU = Release|Any CPU
	EndGlobalSection
	GlobalSection(ProjectConfigurationPlatforms) = postSolution
		{8BC2D4A7-0710-4735-BDC3-E3C4B6FB74FA}.Debug|Any CPU.ActiveCfg = Debug|Any CPU
		{8BC2D4A7-0710-4735-BDC3-E3C4B6FB74FA}.Debug|Any CPU.Build.0 = Debug|Any CPU
		{8BC2D4A7-0710-4735-BDC3-E3C4B6FB74FA}.Release|Any CPU.ActiveCfg = Release|Any CPU
		{8BC2D4A7-0710-4735-BDC3-E3C4B6FB74FA}.Release|Any CPU.Build.0 = Release|Any CPU
	EndGlobalSection
	GlobalSection(SolutionProperties) = preSolution
		HideSolutionNode = FALSE
	EndGlobalSection
	GlobalSection(ExtensibilityGlobals) = postSolution
		SolutionGuid = {04CD4E4D-2C50-4434-A3FF-AA47A673F681}
	EndGlobalSection
EndGlobal
