
Microsoft Visual Studio Solution File, Format Version 12.00
# Visual Studio Version 17
VisualStudioVersion = 17.0.31912.275
MinimumVisualStudioVersion = 10.0.40219.1
Project("{FAE04EC0-301F-11D3-BF4B-00C04F79EFBC}") = "URI1118", "URI1118\URI1118.csproj", "{5AFC708E-1F10-4CA1-B889-E299CA211E4D}"
EndProject
Global
	GlobalSection(SolutionConfigurationPlatforms) = preSolution
		Debug|Any CPU = Debug|Any CPU
		Release|Any CPU = Release|Any CPU
	EndGlobalSection
	GlobalSection(ProjectConfigurationPlatforms) = postSolution
		{5AFC708E-1F10-4CA1-B889-E299CA211E4D}.Debug|Any CPU.ActiveCfg = Debug|Any CPU
		{5AFC708E-1F10-4CA1-B889-E299CA211E4D}.Debug|Any CPU.Build.0 = Debug|Any CPU
		{5AFC708E-1F10-4CA1-B889-E299CA211E4D}.Release|Any CPU.ActiveCfg = Release|Any CPU
		{5AFC708E-1F10-4CA1-B889-E299CA211E4D}.Release|Any CPU.Build.0 = Release|Any CPU
	EndGlobalSection
	GlobalSection(SolutionProperties) = preSolution
		HideSolutionNode = FALSE
	EndGlobalSection
	GlobalSection(ExtensibilityGlobals) = postSolution
		SolutionGuid = {17A239C9-3871-433C-8D7A-6C47D5EB3C0D}
	EndGlobalSection
EndGlobal
